
Microsoft Visual Studio Solution File, Format Version 11.00
# Visual Studio 2010
Project("{8BC9CEB8-8B4A-11D0-8D11-00A0C91BC942}") = "ej 3 recursividad", "ej 3 recursividad\ej 3 recursividad.vcxproj", "{64B00897-9442-4137-89B3-F198A56C9867}"
EndProject
Global
	GlobalSection(SolutionConfigurationPlatforms) = preSolution
		Debug|Win32 = Debug|Win32
		Release|Win32 = Release|Win32
	EndGlobalSection
	GlobalSection(ProjectConfigurationPlatforms) = postSolution
		{64B00897-9442-4137-89B3-F198A56C9867}.Debug|Win32.ActiveCfg = Debug|Win32
		{64B00897-9442-4137-89B3-F198A56C9867}.Debug|Win32.Build.0 = Debug|Win32
		{64B00897-9442-4137-89B3-F198A56C9867}.Release|Win32.ActiveCfg = Release|Win32
		{64B00897-9442-4137-89B3-F198A56C9867}.Release|Win32.Build.0 = Release|Win32
	EndGlobalSection
	GlobalSection(SolutionProperties) = preSolution
		HideSolutionNode = FALSE
	EndGlobalSection
EndGlobal
