
Microsoft Visual Studio Solution File, Format Version 11.00
# Visual Studio 2010
Project("{8BC9CEB8-8B4A-11D0-8D11-00A0C91BC942}") = "tarea recursividad ej3", "tarea recursividad ej3\tarea recursividad ej3.vcxproj", "{52878E20-996E-451C-9D85-CE4F5B179877}"
EndProject
Global
	GlobalSection(SolutionConfigurationPlatforms) = preSolution
		Debug|Win32 = Debug|Win32
		Release|Win32 = Release|Win32
	EndGlobalSection
	GlobalSection(ProjectConfigurationPlatforms) = postSolution
		{52878E20-996E-451C-9D85-CE4F5B179877}.Debug|Win32.ActiveCfg = Debug|Win32
		{52878E20-996E-451C-9D85-CE4F5B179877}.Debug|Win32.Build.0 = Debug|Win32
		{52878E20-996E-451C-9D85-CE4F5B179877}.Release|Win32.ActiveCfg = Release|Win32
		{52878E20-996E-451C-9D85-CE4F5B179877}.Release|Win32.Build.0 = Release|Win32
	EndGlobalSection
	GlobalSection(SolutionProperties) = preSolution
		HideSolutionNode = FALSE
	EndGlobalSection
EndGlobal
